// !$*UTF8*$!
{
	archiveVersion = 1;
	classes = {
	};
	objectVersion = 50;
	objects = {

/* Begin PBXBuildFile section */
		542FF72928D285D500CE8486 /* AppDelegate.swift in Sources */ = {isa = PBXBuildFile; fileRef = 542FF72828D285D500CE8486 /* AppDelegate.swift */; };
		542FF72B28D285D500CE8486 /* SceneDelegate.swift in Sources */ = {isa = PBXBuildFile; fileRef = 542FF72A28D285D500CE8486 /* SceneDelegate.swift */; };
		542FF73228D285DA00CE8486 /* Assets.xcassets in Resources */ = {isa = PBXBuildFile; fileRef = 542FF73128D285DA00CE8486 /* Assets.xcassets */; };
		542FF73528D285DA00CE8486 /* LaunchScreen.storyboard in Resources */ = {isa = PBXBuildFile; fileRef = 542FF73328D285DA00CE8486 /* LaunchScreen.storyboard */; };
		542FF73D28D2864100CE8486 /* HomeModel.swift in Sources */ = {isa = PBXBuildFile; fileRef = 542FF73C28D2864100CE8486 /* HomeModel.swift */; };
		542FF74128D2872200CE8486 /* AppCoordinator.swift in Sources */ = {isa = PBXBuildFile; fileRef = 542FF74028D2872200CE8486 /* AppCoordinator.swift */; };
		542FF74328D2874A00CE8486 /* RootTabBarController.swift in Sources */ = {isa = PBXBuildFile; fileRef = 542FF74228D2874A00CE8486 /* RootTabBarController.swift */; };
		542FF74528D2876700CE8486 /* HomeViewController.swift in Sources */ = {isa = PBXBuildFile; fileRef = 542FF74428D2876700CE8486 /* HomeViewController.swift */; };
		542FF74728D287F000CE8486 /* FavoriteViewController.swift in Sources */ = {isa = PBXBuildFile; fileRef = 542FF74628D287F000CE8486 /* FavoriteViewController.swift */; };
		542FF74928D287FC00CE8486 /* MapViewController.swift in Sources */ = {isa = PBXBuildFile; fileRef = 542FF74828D287FC00CE8486 /* MapViewController.swift */; };
		542FF74B28D2880500CE8486 /* CartViewController.swift in Sources */ = {isa = PBXBuildFile; fileRef = 542FF74A28D2880500CE8486 /* CartViewController.swift */; };
		542FF75828D28C4100CE8486 /* NetworkRequest.swift in Sources */ = {isa = PBXBuildFile; fileRef = 542FF75728D28C4000CE8486 /* NetworkRequest.swift */; };
		542FF75B28D28E1E00CE8486 /* HomeViewModel.swift in Sources */ = {isa = PBXBuildFile; fileRef = 542FF75A28D28E1E00CE8486 /* HomeViewModel.swift */; };
		5433F01A28DC64C500A01ACC /* MKMapView + Extension.swift in Sources */ = {isa = PBXBuildFile; fileRef = 5433F01928DC64C500A01ACC /* MKMapView + Extension.swift */; };
		5433F01C28DC64ED00A01ACC /* GlobalFunctions.swift in Sources */ = {isa = PBXBuildFile; fileRef = 5433F01B28DC64ED00A01ACC /* GlobalFunctions.swift */; };
		5436481B28DC8D29002994A1 /* MapModel.swift in Sources */ = {isa = PBXBuildFile; fileRef = 5436481A28DC8D29002994A1 /* MapModel.swift */; };
		5436481D28DCA308002994A1 /* RestarauntsResource.swift in Sources */ = {isa = PBXBuildFile; fileRef = 5436481C28DCA308002994A1 /* RestarauntsResource.swift */; };
		5436481F28DCA3FF002994A1 /* ApiRestarauntsRequest.swift in Sources */ = {isa = PBXBuildFile; fileRef = 5436481E28DCA3FF002994A1 /* ApiRestarauntsRequest.swift */; };
		5445118928D3ABBD00F2BCB1 /* ImageRequest.swift in Sources */ = {isa = PBXBuildFile; fileRef = 5445118828D3ABBD00F2BCB1 /* ImageRequest.swift */; };
		546ED46D28DCD0C50094DF21 /* Private.swift in Sources */ = {isa = PBXBuildFile; fileRef = 546ED46C28DCD0C50094DF21 /* Private.swift */; };
		546ED46F28DCE2520094DF21 /* RestarauntAnnotation.swift in Sources */ = {isa = PBXBuildFile; fileRef = 546ED46E28DCE2520094DF21 /* RestarauntAnnotation.swift */; };
		547BCE2A28DBBAA4008A84BF /* MapViewModel.swift in Sources */ = {isa = PBXBuildFile; fileRef = 547BCE2928DBBAA4008A84BF /* MapViewModel.swift */; };
		548C35E628DD28B100B1A6BE /* ImageCache.swift in Sources */ = {isa = PBXBuildFile; fileRef = 548C35E528DD28B100B1A6BE /* ImageCache.swift */; };
		548C35E828DD2B5800B1A6BE /* UIImage + Extension.swift in Sources */ = {isa = PBXBuildFile; fileRef = 548C35E728DD2B5800B1A6BE /* UIImage + Extension.swift */; };
		54A33F6528D5D78500CBD864 /* HeaderCollectionReusableView.swift in Sources */ = {isa = PBXBuildFile; fileRef = 54A33F6428D5D78500CBD864 /* HeaderCollectionReusableView.swift */; };
		54AAD03728D3988A0006FA95 /* Constant.swift in Sources */ = {isa = PBXBuildFile; fileRef = 54AAD03628D3988A0006FA95 /* Constant.swift */; };
		54AAD03928D39A7D0006FA95 /* CategoryResource.swift in Sources */ = {isa = PBXBuildFile; fileRef = 54AAD03828D39A7D0006FA95 /* CategoryResource.swift */; };
		54AAD03B28D39B200006FA95 /* ApiResource.swift in Sources */ = {isa = PBXBuildFile; fileRef = 54AAD03A28D39B200006FA95 /* ApiResource.swift */; };
		54AAFFF028D4BF35000A3E0D /* ApiMealRequest.swift in Sources */ = {isa = PBXBuildFile; fileRef = 54AAFFEF28D4BF35000A3E0D /* ApiMealRequest.swift */; };
		54AAFFF228D4BF6F000A3E0D /* MealResource.swift in Sources */ = {isa = PBXBuildFile; fileRef = 54AAFFF128D4BF6F000A3E0D /* MealResource.swift */; };
		54AAFFF428D4F351000A3E0D /* RecommendedMealCollectionViewCell.swift in Sources */ = {isa = PBXBuildFile; fileRef = 54AAFFF328D4F350000A3E0D /* RecommendedMealCollectionViewCell.swift */; };
		54DD221628D293980014A26D /* CategoryCollectionViewCell.swift in Sources */ = {isa = PBXBuildFile; fileRef = 54DD221528D293980014A26D /* CategoryCollectionViewCell.swift */; };
		54E5BAD128D3A29300ADFAF7 /* ApiCategoriesRequest.swift in Sources */ = {isa = PBXBuildFile; fileRef = 54E5BAD028D3A29300ADFAF7 /* ApiCategoriesRequest.swift */; };
/* End PBXBuildFile section */

/* Begin PBXFileReference section */
		542FF72528D285D500CE8486 /* FoodApp.app */ = {isa = PBXFileReference; explicitFileType = wrapper.application; includeInIndex = 0; path = FoodApp.app; sourceTree = BUILT_PRODUCTS_DIR; };
		542FF72828D285D500CE8486 /* AppDelegate.swift */ = {isa = PBXFileReference; lastKnownFileType = sourcecode.swift; path = AppDelegate.swift; sourceTree = "<group>"; };
		542FF72A28D285D500CE8486 /* SceneDelegate.swift */ = {isa = PBXFileReference; lastKnownFileType = sourcecode.swift; path = SceneDelegate.swift; sourceTree = "<group>"; };
		542FF73128D285DA00CE8486 /* Assets.xcassets */ = {isa = PBXFileReference; lastKnownFileType = folder.assetcatalog; path = Assets.xcassets; sourceTree = "<group>"; };
		542FF73428D285DA00CE8486 /* Base */ = {isa = PBXFileReference; lastKnownFileType = file.storyboard; name = Base; path = Base.lproj/LaunchScreen.storyboard; sourceTree = "<group>"; };
		542FF73628D285DA00CE8486 /* Info.plist */ = {isa = PBXFileReference; lastKnownFileType = text.plist.xml; path = Info.plist; sourceTree = "<group>"; };
		542FF73C28D2864100CE8486 /* HomeModel.swift */ = {isa = PBXFileReference; lastKnownFileType = sourcecode.swift; path = HomeModel.swift; sourceTree = "<group>"; };
		542FF74028D2872200CE8486 /* AppCoordinator.swift */ = {isa = PBXFileReference; lastKnownFileType = sourcecode.swift; path = AppCoordinator.swift; sourceTree = "<group>"; };
		542FF74228D2874A00CE8486 /* RootTabBarController.swift */ = {isa = PBXFileReference; lastKnownFileType = sourcecode.swift; path = RootTabBarController.swift; sourceTree = "<group>"; };
		542FF74428D2876700CE8486 /* HomeViewController.swift */ = {isa = PBXFileReference; lastKnownFileType = sourcecode.swift; path = HomeViewController.swift; sourceTree = "<group>"; };
		542FF74628D287F000CE8486 /* FavoriteViewController.swift */ = {isa = PBXFileReference; lastKnownFileType = sourcecode.swift; path = FavoriteViewController.swift; sourceTree = "<group>"; };
		542FF74828D287FC00CE8486 /* MapViewController.swift */ = {isa = PBXFileReference; lastKnownFileType = sourcecode.swift; path = MapViewController.swift; sourceTree = "<group>"; };
		542FF74A28D2880500CE8486 /* CartViewController.swift */ = {isa = PBXFileReference; lastKnownFileType = sourcecode.swift; path = CartViewController.swift; sourceTree = "<group>"; };
		542FF75728D28C4000CE8486 /* NetworkRequest.swift */ = {isa = PBXFileReference; lastKnownFileType = sourcecode.swift; path = NetworkRequest.swift; sourceTree = "<group>"; };
		542FF75A28D28E1E00CE8486 /* HomeViewModel.swift */ = {isa = PBXFileReference; lastKnownFileType = sourcecode.swift; path = HomeViewModel.swift; sourceTree = "<group>"; };
		5433F01928DC64C500A01ACC /* MKMapView + Extension.swift */ = {isa = PBXFileReference; lastKnownFileType = sourcecode.swift; path = "MKMapView + Extension.swift"; sourceTree = "<group>"; };
		5433F01B28DC64ED00A01ACC /* GlobalFunctions.swift */ = {isa = PBXFileReference; lastKnownFileType = sourcecode.swift; path = GlobalFunctions.swift; sourceTree = "<group>"; };
		5436481A28DC8D29002994A1 /* MapModel.swift */ = {isa = PBXFileReference; lastKnownFileType = sourcecode.swift; path = MapModel.swift; sourceTree = "<group>"; };
		5436481C28DCA308002994A1 /* RestarauntsResource.swift */ = {isa = PBXFileReference; lastKnownFileType = sourcecode.swift; path = RestarauntsResource.swift; sourceTree = "<group>"; };
		5436481E28DCA3FF002994A1 /* ApiRestarauntsRequest.swift */ = {isa = PBXFileReference; lastKnownFileType = sourcecode.swift; path = ApiRestarauntsRequest.swift; sourceTree = "<group>"; };
		5445118828D3ABBD00F2BCB1 /* ImageRequest.swift */ = {isa = PBXFileReference; lastKnownFileType = sourcecode.swift; path = ImageRequest.swift; sourceTree = "<group>"; };
		546ED46C28DCD0C50094DF21 /* Private.swift */ = {isa = PBXFileReference; lastKnownFileType = sourcecode.swift; path = Private.swift; sourceTree = "<group>"; };
		546ED46E28DCE2520094DF21 /* RestarauntAnnotation.swift */ = {isa = PBXFileReference; lastKnownFileType = sourcecode.swift; path = RestarauntAnnotation.swift; sourceTree = "<group>"; };
		547BCE2928DBBAA4008A84BF /* MapViewModel.swift */ = {isa = PBXFileReference; lastKnownFileType = sourcecode.swift; path = MapViewModel.swift; sourceTree = "<group>"; };
		548C35E528DD28B100B1A6BE /* ImageCache.swift */ = {isa = PBXFileReference; lastKnownFileType = sourcecode.swift; path = ImageCache.swift; sourceTree = "<group>"; };
		548C35E728DD2B5800B1A6BE /* UIImage + Extension.swift */ = {isa = PBXFileReference; lastKnownFileType = sourcecode.swift; path = "UIImage + Extension.swift"; sourceTree = "<group>"; };
		54A33F6428D5D78500CBD864 /* HeaderCollectionReusableView.swift */ = {isa = PBXFileReference; lastKnownFileType = sourcecode.swift; path = HeaderCollectionReusableView.swift; sourceTree = "<group>"; };
		54AAD03628D3988A0006FA95 /* Constant.swift */ = {isa = PBXFileReference; lastKnownFileType = sourcecode.swift; path = Constant.swift; sourceTree = "<group>"; };
		54AAD03828D39A7D0006FA95 /* CategoryResource.swift */ = {isa = PBXFileReference; lastKnownFileType = sourcecode.swift; path = CategoryResource.swift; sourceTree = "<group>"; };
		54AAD03A28D39B200006FA95 /* ApiResource.swift */ = {isa = PBXFileReference; lastKnownFileType = sourcecode.swift; path = ApiResource.swift; sourceTree = "<group>"; };
		54AAFFEF28D4BF35000A3E0D /* ApiMealRequest.swift */ = {isa = PBXFileReference; lastKnownFileType = sourcecode.swift; path = ApiMealRequest.swift; sourceTree = "<group>"; };
		54AAFFF128D4BF6F000A3E0D /* MealResource.swift */ = {isa = PBXFileReference; lastKnownFileType = sourcecode.swift; path = MealResource.swift; sourceTree = "<group>"; };
		54AAFFF328D4F350000A3E0D /* RecommendedMealCollectionViewCell.swift */ = {isa = PBXFileReference; lastKnownFileType = sourcecode.swift; path = RecommendedMealCollectionViewCell.swift; sourceTree = "<group>"; };
		54DD221528D293980014A26D /* CategoryCollectionViewCell.swift */ = {isa = PBXFileReference; lastKnownFileType = sourcecode.swift; path = CategoryCollectionViewCell.swift; sourceTree = "<group>"; };
		54E5BAD028D3A29300ADFAF7 /* ApiCategoriesRequest.swift */ = {isa = PBXFileReference; lastKnownFileType = sourcecode.swift; path = ApiCategoriesRequest.swift; sourceTree = "<group>"; };
/* End PBXFileReference section */

/* Begin PBXFrameworksBuildPhase section */
		542FF72228D285D500CE8486 /* Frameworks */ = {
			isa = PBXFrameworksBuildPhase;
			buildActionMask = 2147483647;
			files = (
			);
			runOnlyForDeploymentPostprocessing = 0;
		};
/* End PBXFrameworksBuildPhase section */

/* Begin PBXGroup section */
		542FF71C28D285D400CE8486 = {
			isa = PBXGroup;
			children = (
				542FF72728D285D500CE8486 /* FoodApp */,
				542FF72628D285D500CE8486 /* Products */,
			);
			sourceTree = "<group>";
		};
		542FF72628D285D500CE8486 /* Products */ = {
			isa = PBXGroup;
			children = (
				542FF72528D285D500CE8486 /* FoodApp.app */,
			);
			name = Products;
			sourceTree = "<group>";
		};
		542FF72728D285D500CE8486 /* FoodApp */ = {
			isa = PBXGroup;
			children = (
				542FF74C28D2883400CE8486 /* Views */,
				542FF75928D28E0200CE8486 /* ViewModels */,
				542FF75628D28BE200CE8486 /* Services */,
				542FF75228D288B800CE8486 /* Helper */,
				542FF75328D288CE00CE8486 /* App */,
				542FF73128D285DA00CE8486 /* Assets.xcassets */,
				542FF73328D285DA00CE8486 /* LaunchScreen.storyboard */,
				542FF73628D285DA00CE8486 /* Info.plist */,
			);
			path = FoodApp;
			sourceTree = "<group>";
		};
		542FF74C28D2883400CE8486 /* Views */ = {
			isa = PBXGroup;
			children = (
				542FF75028D2888D00CE8486 /* Favorite */,
				542FF74F28D2888100CE8486 /* Map */,
				542FF74E28D2887900CE8486 /* Cart */,
				542FF74D28D2886B00CE8486 /* Home */,
				542FF74228D2874A00CE8486 /* RootTabBarController.swift */,
			);
			path = Views;
			sourceTree = "<group>";
		};
		542FF74D28D2886B00CE8486 /* Home */ = {
			isa = PBXGroup;
			children = (
				542FF74428D2876700CE8486 /* HomeViewController.swift */,
				54DD221528D293980014A26D /* CategoryCollectionViewCell.swift */,
				54AAFFF328D4F350000A3E0D /* RecommendedMealCollectionViewCell.swift */,
				54A33F6428D5D78500CBD864 /* HeaderCollectionReusableView.swift */,
			);
			path = Home;
			sourceTree = "<group>";
		};
		542FF74E28D2887900CE8486 /* Cart */ = {
			isa = PBXGroup;
			children = (
				542FF74A28D2880500CE8486 /* CartViewController.swift */,
			);
			path = Cart;
			sourceTree = "<group>";
		};
		542FF74F28D2888100CE8486 /* Map */ = {
			isa = PBXGroup;
			children = (
				542FF74828D287FC00CE8486 /* MapViewController.swift */,
			);
			path = Map;
			sourceTree = "<group>";
		};
		542FF75028D2888D00CE8486 /* Favorite */ = {
			isa = PBXGroup;
			children = (
				542FF74628D287F000CE8486 /* FavoriteViewController.swift */,
			);
			path = Favorite;
			sourceTree = "<group>";
		};
		542FF75128D288A700CE8486 /* Models */ = {
			isa = PBXGroup;
			children = (
				5436481C28DCA308002994A1 /* RestarauntsResource.swift */,
				54AAD03828D39A7D0006FA95 /* CategoryResource.swift */,
				54AAFFF128D4BF6F000A3E0D /* MealResource.swift */,
				542FF73C28D2864100CE8486 /* HomeModel.swift */,
				5436481A28DC8D29002994A1 /* MapModel.swift */,
				546ED46E28DCE2520094DF21 /* RestarauntAnnotation.swift */,
			);
			path = Models;
			sourceTree = "<group>";
		};
		542FF75228D288B800CE8486 /* Helper */ = {
			isa = PBXGroup;
			children = (
				542FF74028D2872200CE8486 /* AppCoordinator.swift */,
				54AAD03628D3988A0006FA95 /* Constant.swift */,
				5433F01928DC64C500A01ACC /* MKMapView + Extension.swift */,
				5433F01B28DC64ED00A01ACC /* GlobalFunctions.swift */,
				546ED46C28DCD0C50094DF21 /* Private.swift */,
				548C35E528DD28B100B1A6BE /* ImageCache.swift */,
				548C35E728DD2B5800B1A6BE /* UIImage + Extension.swift */,
			);
			path = Helper;
			sourceTree = "<group>";
		};
		542FF75328D288CE00CE8486 /* App */ = {
			isa = PBXGroup;
			children = (
				542FF72828D285D500CE8486 /* AppDelegate.swift */,
				542FF72A28D285D500CE8486 /* SceneDelegate.swift */,
			);
			path = App;
			sourceTree = "<group>";
		};
		542FF75628D28BE200CE8486 /* Services */ = {
			isa = PBXGroup;
			children = (
				542FF75728D28C4000CE8486 /* NetworkRequest.swift */,
				54AAD03A28D39B200006FA95 /* ApiResource.swift */,
				54E5BAD028D3A29300ADFAF7 /* ApiCategoriesRequest.swift */,
				5445118828D3ABBD00F2BCB1 /* ImageRequest.swift */,
				54AAFFEF28D4BF35000A3E0D /* ApiMealRequest.swift */,
				5436481E28DCA3FF002994A1 /* ApiRestarauntsRequest.swift */,
			);
			path = Services;
			sourceTree = "<group>";
		};
		542FF75928D28E0200CE8486 /* ViewModels */ = {
			isa = PBXGroup;
			children = (
				547BCE2928DBBAA4008A84BF /* MapViewModel.swift */,
				542FF75A28D28E1E00CE8486 /* HomeViewModel.swift */,
				542FF75128D288A700CE8486 /* Models */,
			);
			path = ViewModels;
			sourceTree = "<group>";
		};
/* End PBXGroup section */

/* Begin PBXNativeTarget section */
		542FF72428D285D500CE8486 /* FoodApp */ = {
			isa = PBXNativeTarget;
			buildConfigurationList = 542FF73928D285DA00CE8486 /* Build configuration list for PBXNativeTarget "FoodApp" */;
			buildPhases = (
				542FF72128D285D500CE8486 /* Sources */,
				542FF72228D285D500CE8486 /* Frameworks */,
				542FF72328D285D500CE8486 /* Resources */,
			);
			buildRules = (
			);
			dependencies = (
			);
			name = FoodApp;
			productName = FoodApp;
			productReference = 542FF72528D285D500CE8486 /* FoodApp.app */;
			productType = "com.apple.product-type.application";
		};
/* End PBXNativeTarget section */

/* Begin PBXProject section */
		542FF71D28D285D400CE8486 /* Project object */ = {
			isa = PBXProject;
			attributes = {
				LastSwiftUpdateCheck = 1170;
				LastUpgradeCheck = 1170;
				ORGANIZATIONNAME = "MacBook Air 13 Retina 2018";
				TargetAttributes = {
					542FF72428D285D500CE8486 = {
						CreatedOnToolsVersion = 11.7;
					};
				};
			};
			buildConfigurationList = 542FF72028D285D400CE8486 /* Build configuration list for PBXProject "FoodApp" */;
			compatibilityVersion = "Xcode 9.3";
			developmentRegion = en;
			hasScannedForEncodings = 0;
			knownRegions = (
				en,
				Base,
			);
			mainGroup = 542FF71C28D285D400CE8486;
			productRefGroup = 542FF72628D285D500CE8486 /* Products */;
			projectDirPath = "";
			projectRoot = "";
			targets = (
				542FF72428D285D500CE8486 /* FoodApp */,
			);
		};
/* End PBXProject section */

/* Begin PBXResourcesBuildPhase section */
		542FF72328D285D500CE8486 /* Resources */ = {
			isa = PBXResourcesBuildPhase;
			buildActionMask = 2147483647;
			files = (
				542FF73528D285DA00CE8486 /* LaunchScreen.storyboard in Resources */,
				542FF73228D285DA00CE8486 /* Assets.xcassets in Resources */,
			);
			runOnlyForDeploymentPostprocessing = 0;
		};
/* End PBXResourcesBuildPhase section */

/* Begin PBXSourcesBuildPhase section */
		542FF72128D285D500CE8486 /* Sources */ = {
			isa = PBXSourcesBuildPhase;
			buildActionMask = 2147483647;
			files = (
				548C35E628DD28B100B1A6BE /* ImageCache.swift in Sources */,
				542FF75828D28C4100CE8486 /* NetworkRequest.swift in Sources */,
				5436481B28DC8D29002994A1 /* MapModel.swift in Sources */,
				542FF74128D2872200CE8486 /* AppCoordinator.swift in Sources */,
				5433F01C28DC64ED00A01ACC /* GlobalFunctions.swift in Sources */,
				54AAD03728D3988A0006FA95 /* Constant.swift in Sources */,
				5436481F28DCA3FF002994A1 /* ApiRestarauntsRequest.swift in Sources */,
				542FF74328D2874A00CE8486 /* RootTabBarController.swift in Sources */,
				542FF74928D287FC00CE8486 /* MapViewController.swift in Sources */,
				5445118928D3ABBD00F2BCB1 /* ImageRequest.swift in Sources */,
				54AAD03928D39A7D0006FA95 /* CategoryResource.swift in Sources */,
				5436481D28DCA308002994A1 /* RestarauntsResource.swift in Sources */,
				54A33F6528D5D78500CBD864 /* HeaderCollectionReusableView.swift in Sources */,
				542FF74528D2876700CE8486 /* HomeViewController.swift in Sources */,
				5433F01A28DC64C500A01ACC /* MKMapView + Extension.swift in Sources */,
				542FF74728D287F000CE8486 /* FavoriteViewController.swift in Sources */,
				546ED46F28DCE2520094DF21 /* RestarauntAnnotation.swift in Sources */,
				542FF75B28D28E1E00CE8486 /* HomeViewModel.swift in Sources */,
				542FF73D28D2864100CE8486 /* HomeModel.swift in Sources */,
				54AAFFF028D4BF35000A3E0D /* ApiMealRequest.swift in Sources */,
				542FF74B28D2880500CE8486 /* CartViewController.swift in Sources */,
				542FF72928D285D500CE8486 /* AppDelegate.swift in Sources */,
				54E5BAD128D3A29300ADFAF7 /* ApiCategoriesRequest.swift in Sources */,
				54AAFFF228D4BF6F000A3E0D /* MealResource.swift in Sources */,
				547BCE2A28DBBAA4008A84BF /* MapViewModel.swift in Sources */,
				548C35E828DD2B5800B1A6BE /* UIImage + Extension.swift in Sources */,
				546ED46D28DCD0C50094DF21 /* Private.swift in Sources */,
				54AAFFF428D4F351000A3E0D /* RecommendedMealCollectionViewCell.swift in Sources */,
				54DD221628D293980014A26D /* CategoryCollectionViewCell.swift in Sources */,
				54AAD03B28D39B200006FA95 /* ApiResource.swift in Sources */,
				542FF72B28D285D500CE8486 /* SceneDelegate.swift in Sources */,
			);
			runOnlyForDeploymentPostprocessing = 0;
		};
/* End PBXSourcesBuildPhase section */

/* Begin PBXVariantGroup section */
		542FF73328D285DA00CE8486 /* LaunchScreen.storyboard */ = {
			isa = PBXVariantGroup;
			children = (
				542FF73428D285DA00CE8486 /* Base */,
			);
			name = LaunchScreen.storyboard;
			sourceTree = "<group>";
		};
/* End PBXVariantGroup section */

/* Begin XCBuildConfiguration section */
		542FF73728D285DA00CE8486 /* Debug */ = {
			isa = XCBuildConfiguration;
			buildSettings = {
				ALWAYS_SEARCH_USER_PATHS = NO;
				CLANG_ANALYZER_NONNULL = YES;
				CLANG_ANALYZER_NUMBER_OBJECT_CONVERSION = YES_AGGRESSIVE;
				CLANG_CXX_LANGUAGE_STANDARD = "gnu++14";
				CLANG_CXX_LIBRARY = "libc++";
				CLANG_ENABLE_MODULES = YES;
				CLANG_ENABLE_OBJC_ARC = YES;
				CLANG_ENABLE_OBJC_WEAK = YES;
				CLANG_WARN_BLOCK_CAPTURE_AUTORELEASING = YES;
				CLANG_WARN_BOOL_CONVERSION = YES;
				CLANG_WARN_COMMA = YES;
				CLANG_WARN_CONSTANT_CONVERSION = YES;
				CLANG_WARN_DEPRECATED_OBJC_IMPLEMENTATIONS = YES;
				CLANG_WARN_DIRECT_OBJC_ISA_USAGE = YES_ERROR;
				CLANG_WARN_DOCUMENTATION_COMMENTS = YES;
				CLANG_WARN_EMPTY_BODY = YES;
				CLANG_WARN_ENUM_CONVERSION = YES;
				CLANG_WARN_INFINITE_RECURSION = YES;
				CLANG_WARN_INT_CONVERSION = YES;
				CLANG_WARN_NON_LITERAL_NULL_CONVERSION = YES;
				CLANG_WARN_OBJC_IMPLICIT_RETAIN_SELF = YES;
				CLANG_WARN_OBJC_LITERAL_CONVERSION = YES;
				CLANG_WARN_OBJC_ROOT_CLASS = YES_ERROR;
				CLANG_WARN_RANGE_LOOP_ANALYSIS = YES;
				CLANG_WARN_STRICT_PROTOTYPES = YES;
				CLANG_WARN_SUSPICIOUS_MOVE = YES;
				CLANG_WARN_UNGUARDED_AVAILABILITY = YES_AGGRESSIVE;
				CLANG_WARN_UNREACHABLE_CODE = YES;
				CLANG_WARN__DUPLICATE_METHOD_MATCH = YES;
				COPY_PHASE_STRIP = NO;
				DEBUG_INFORMATION_FORMAT = dwarf;
				ENABLE_STRICT_OBJC_MSGSEND = YES;
				ENABLE_TESTABILITY = YES;
				GCC_C_LANGUAGE_STANDARD = gnu11;
				GCC_DYNAMIC_NO_PIC = NO;
				GCC_NO_COMMON_BLOCKS = YES;
				GCC_OPTIMIZATION_LEVEL = 0;
				GCC_PREPROCESSOR_DEFINITIONS = (
					"DEBUG=1",
					"$(inherited)",
				);
				GCC_WARN_64_TO_32_BIT_CONVERSION = YES;
				GCC_WARN_ABOUT_RETURN_TYPE = YES_ERROR;
				GCC_WARN_UNDECLARED_SELECTOR = YES;
				GCC_WARN_UNINITIALIZED_AUTOS = YES_AGGRESSIVE;
				GCC_WARN_UNUSED_FUNCTION = YES;
				GCC_WARN_UNUSED_VARIABLE = YES;
				IPHONEOS_DEPLOYMENT_TARGET = 13.0;
				MTL_ENABLE_DEBUG_INFO = INCLUDE_SOURCE;
				MTL_FAST_MATH = YES;
				ONLY_ACTIVE_ARCH = YES;
				SDKROOT = iphoneos;
				SWIFT_ACTIVE_COMPILATION_CONDITIONS = DEBUG;
				SWIFT_OPTIMIZATION_LEVEL = "-Onone";
			};
			name = Debug;
		};
		542FF73828D285DA00CE8486 /* Release */ = {
			isa = XCBuildConfiguration;
			buildSettings = {
				ALWAYS_SEARCH_USER_PATHS = NO;
				CLANG_ANALYZER_NONNULL = YES;
				CLANG_ANALYZER_NUMBER_OBJECT_CONVERSION = YES_AGGRESSIVE;
				CLANG_CXX_LANGUAGE_STANDARD = "gnu++14";
				CLANG_CXX_LIBRARY = "libc++";
				CLANG_ENABLE_MODULES = YES;
				CLANG_ENABLE_OBJC_ARC = YES;
				CLANG_ENABLE_OBJC_WEAK = YES;
				CLANG_WARN_BLOCK_CAPTURE_AUTORELEASING = YES;
				CLANG_WARN_BOOL_CONVERSION = YES;
				CLANG_WARN_COMMA = YES;
				CLANG_WARN_CONSTANT_CONVERSION = YES;
				CLANG_WARN_DEPRECATED_OBJC_IMPLEMENTATIONS = YES;
				CLANG_WARN_DIRECT_OBJC_ISA_USAGE = YES_ERROR;
				CLANG_WARN_DOCUMENTATION_COMMENTS = YES;
				CLANG_WARN_EMPTY_BODY = YES;
				CLANG_WARN_ENUM_CONVERSION = YES;
				CLANG_WARN_INFINITE_RECURSION = YES;
				CLANG_WARN_INT_CONVERSION = YES;
				CLANG_WARN_NON_LITERAL_NULL_CONVERSION = YES;
				CLANG_WARN_OBJC_IMPLICIT_RETAIN_SELF = YES;
				CLANG_WARN_OBJC_LITERAL_CONVERSION = YES;
				CLANG_WARN_OBJC_ROOT_CLASS = YES_ERROR;
				CLANG_WARN_RANGE_LOOP_ANALYSIS = YES;
				CLANG_WARN_STRICT_PROTOTYPES = YES;
				CLANG_WARN_SUSPICIOUS_MOVE = YES;
				CLANG_WARN_UNGUARDED_AVAILABILITY = YES_AGGRESSIVE;
				CLANG_WARN_UNREACHABLE_CODE = YES;
				CLANG_WARN__DUPLICATE_METHOD_MATCH = YES;
				COPY_PHASE_STRIP = NO;
				DEBUG_INFORMATION_FORMAT = "dwarf-with-dsym";
				ENABLE_NS_ASSERTIONS = NO;
				ENABLE_STRICT_OBJC_MSGSEND = YES;
				GCC_C_LANGUAGE_STANDARD = gnu11;
				GCC_NO_COMMON_BLOCKS = YES;
				GCC_WARN_64_TO_32_BIT_CONVERSION = YES;
				GCC_WARN_ABOUT_RETURN_TYPE = YES_ERROR;
				GCC_WARN_UNDECLARED_SELECTOR = YES;
				GCC_WARN_UNINITIALIZED_AUTOS = YES_AGGRESSIVE;
				GCC_WARN_UNUSED_FUNCTION = YES;
				GCC_WARN_UNUSED_VARIABLE = YES;
				IPHONEOS_DEPLOYMENT_TARGET = 13.0;
				MTL_ENABLE_DEBUG_INFO = NO;
				MTL_FAST_MATH = YES;
				SDKROOT = iphoneos;
				SWIFT_COMPILATION_MODE = wholemodule;
				SWIFT_OPTIMIZATION_LEVEL = "-O";
				VALIDATE_PRODUCT = YES;
			};
			name = Release;
		};
		542FF73A28D285DA00CE8486 /* Debug */ = {
			isa = XCBuildConfiguration;
			buildSettings = {
				ASSETCATALOG_COMPILER_APPICON_NAME = AppIcon;
				CODE_SIGN_STYLE = Automatic;
				DEVELOPMENT_TEAM = H99GGRR549;
				INFOPLIST_FILE = FoodApp/Info.plist;
				LD_RUNPATH_SEARCH_PATHS = (
					"$(inherited)",
					"@executable_path/Frameworks",
				);
				PRODUCT_BUNDLE_IDENTIFIER = ENDEV.FoodApp;
				PRODUCT_NAME = "$(TARGET_NAME)";
				SWIFT_VERSION = 5.0;
				TARGETED_DEVICE_FAMILY = 1;
			};
			name = Debug;
		};
		542FF73B28D285DA00CE8486 /* Release */ = {
			isa = XCBuildConfiguration;
			buildSettings = {
				ASSETCATALOG_COMPILER_APPICON_NAME = AppIcon;
				CODE_SIGN_STYLE = Automatic;
				DEVELOPMENT_TEAM = H99GGRR549;
				INFOPLIST_FILE = FoodApp/Info.plist;
				LD_RUNPATH_SEARCH_PATHS = (
					"$(inherited)",
					"@executable_path/Frameworks",
				);
				PRODUCT_BUNDLE_IDENTIFIER = ENDEV.FoodApp;
				PRODUCT_NAME = "$(TARGET_NAME)";
				SWIFT_VERSION = 5.0;
				TARGETED_DEVICE_FAMILY = 1;
			};
			name = Release;
		};
/* End XCBuildConfiguration section */

/* Begin XCConfigurationList section */
		542FF72028D285D400CE8486 /* Build configuration list for PBXProject "FoodApp" */ = {
			isa = XCConfigurationList;
			buildConfigurations = (
				542FF73728D285DA00CE8486 /* Debug */,
				542FF73828D285DA00CE8486 /* Release */,
			);
			defaultConfigurationIsVisible = 0;
			defaultConfigurationName = Release;
		};
		542FF73928D285DA00CE8486 /* Build configuration list for PBXNativeTarget "FoodApp" */ = {
			isa = XCConfigurationList;
			buildConfigurations = (
				542FF73A28D285DA00CE8486 /* Debug */,
				542FF73B28D285DA00CE8486 /* Release */,
			);
			defaultConfigurationIsVisible = 0;
			defaultConfigurationName = Release;
		};
/* End XCConfigurationList section */
	};
	rootObject = 542FF71D28D285D400CE8486 /* Project object */;
}
